
Microsoft Visual Studio Solution File, Format Version 12.00
# Visual Studio Version 17
VisualStudioVersion = 17.2.32630.192
MinimumVisualStudioVersion = 10.0.40219.1
Project("{2150E333-8FDC-42A3-9474-1A3956D46DE8}") = "Microservices", "Microservices", "{E6A4AF56-4E86-48C1-82E4-CA408E285150}"
EndProject
Project("{9A19103F-16F7-4668-BE54-9A1E7A4F7556}") = "CustomerService", "CustomerService\CustomerService.csproj", "{9625858A-103B-40C4-9C3A-100C93285B82}"
EndProject
Project("{E53339B2-1760-4266-BCC7-CA923CBCF16C}") = "docker-compose", "docker-compose.dcproj", "{73F0E3CC-D944-482A-8F76-E02C448B0DD0}"
EndProject
Project("{9A19103F-16F7-4668-BE54-9A1E7A4F7556}") = "ProductService", "ProductService\ProductService.csproj", "{9B625AC9-1616-47CD-8166-17D4E1B48548}"
EndProject
Project("{9A19103F-16F7-4668-BE54-9A1E7A4F7556}") = "OrderService", "OrderService\OrderService.csproj", "{5F4FC83C-93D9-45D5-9F55-7A2F19ED73AC}"
EndProject
Project("{2150E333-8FDC-42A3-9474-1A3956D46DE8}") = "ApiGateway", "ApiGateway", "{675C5882-1E3F-4762-869E-2EAD4538F0C4}"
EndProject
Project("{9A19103F-16F7-4668-BE54-9A1E7A4F7556}") = "ApiGateway", "ApiGateway\ApiGateway.csproj", "{24D3BED8-95AC-412A-8FE2-B2AC2E1D6FAC}"
EndProject
Project("{9A19103F-16F7-4668-BE54-9A1E7A4F7556}") = "DeliveryService", "DeliveryService\DeliveryService.csproj", "{5D0ABB49-7CAA-4454-8C82-FFB90B3F6D59}"
EndProject
Project("{FAE04EC0-301F-11D3-BF4B-00C04F79EFBC}") = "EmployeeService", "EmployeeService\EmployeeService.csproj", "{111CA245-5917-441B-A01C-19A397FD61DA}"
EndProject
Global
	GlobalSection(SolutionConfigurationPlatforms) = preSolution
		Debug|Any CPU = Debug|Any CPU
		Release|Any CPU = Release|Any CPU
	EndGlobalSection
	GlobalSection(ProjectConfigurationPlatforms) = postSolution
		{9625858A-103B-40C4-9C3A-100C93285B82}.Debug|Any CPU.ActiveCfg = Debug|Any CPU
		{9625858A-103B-40C4-9C3A-100C93285B82}.Debug|Any CPU.Build.0 = Debug|Any CPU
		{9625858A-103B-40C4-9C3A-100C93285B82}.Release|Any CPU.ActiveCfg = Release|Any CPU
		{9625858A-103B-40C4-9C3A-100C93285B82}.Release|Any CPU.Build.0 = Release|Any CPU
		{73F0E3CC-D944-482A-8F76-E02C448B0DD0}.Debug|Any CPU.ActiveCfg = Debug|Any CPU
		{73F0E3CC-D944-482A-8F76-E02C448B0DD0}.Debug|Any CPU.Build.0 = Debug|Any CPU
		{73F0E3CC-D944-482A-8F76-E02C448B0DD0}.Release|Any CPU.ActiveCfg = Release|Any CPU
		{73F0E3CC-D944-482A-8F76-E02C448B0DD0}.Release|Any CPU.Build.0 = Release|Any CPU
		{9B625AC9-1616-47CD-8166-17D4E1B48548}.Debug|Any CPU.ActiveCfg = Debug|Any CPU
		{9B625AC9-1616-47CD-8166-17D4E1B48548}.Debug|Any CPU.Build.0 = Debug|Any CPU
		{9B625AC9-1616-47CD-8166-17D4E1B48548}.Release|Any CPU.ActiveCfg = Release|Any CPU
		{9B625AC9-1616-47CD-8166-17D4E1B48548}.Release|Any CPU.Build.0 = Release|Any CPU
		{5F4FC83C-93D9-45D5-9F55-7A2F19ED73AC}.Debug|Any CPU.ActiveCfg = Debug|Any CPU
		{5F4FC83C-93D9-45D5-9F55-7A2F19ED73AC}.Debug|Any CPU.Build.0 = Debug|Any CPU
		{5F4FC83C-93D9-45D5-9F55-7A2F19ED73AC}.Release|Any CPU.ActiveCfg = Release|Any CPU
		{5F4FC83C-93D9-45D5-9F55-7A2F19ED73AC}.Release|Any CPU.Build.0 = Release|Any CPU
		{24D3BED8-95AC-412A-8FE2-B2AC2E1D6FAC}.Debug|Any CPU.ActiveCfg = Debug|Any CPU
		{24D3BED8-95AC-412A-8FE2-B2AC2E1D6FAC}.Debug|Any CPU.Build.0 = Debug|Any CPU
		{24D3BED8-95AC-412A-8FE2-B2AC2E1D6FAC}.Release|Any CPU.ActiveCfg = Release|Any CPU
		{24D3BED8-95AC-412A-8FE2-B2AC2E1D6FAC}.Release|Any CPU.Build.0 = Release|Any CPU
		{5D0ABB49-7CAA-4454-8C82-FFB90B3F6D59}.Debug|Any CPU.ActiveCfg = Debug|Any CPU
		{5D0ABB49-7CAA-4454-8C82-FFB90B3F6D59}.Debug|Any CPU.Build.0 = Debug|Any CPU
		{5D0ABB49-7CAA-4454-8C82-FFB90B3F6D59}.Release|Any CPU.ActiveCfg = Release|Any CPU
		{5D0ABB49-7CAA-4454-8C82-FFB90B3F6D59}.Release|Any CPU.Build.0 = Release|Any CPU
		{111CA245-5917-441B-A01C-19A397FD61DA}.Debug|Any CPU.ActiveCfg = Debug|Any CPU
		{111CA245-5917-441B-A01C-19A397FD61DA}.Debug|Any CPU.Build.0 = Debug|Any CPU
		{111CA245-5917-441B-A01C-19A397FD61DA}.Release|Any CPU.ActiveCfg = Release|Any CPU
		{111CA245-5917-441B-A01C-19A397FD61DA}.Release|Any CPU.Build.0 = Release|Any CPU
	EndGlobalSection
	GlobalSection(SolutionProperties) = preSolution
		HideSolutionNode = FALSE
	EndGlobalSection
	GlobalSection(NestedProjects) = preSolution
		{9625858A-103B-40C4-9C3A-100C93285B82} = {E6A4AF56-4E86-48C1-82E4-CA408E285150}
		{9B625AC9-1616-47CD-8166-17D4E1B48548} = {E6A4AF56-4E86-48C1-82E4-CA408E285150}
		{5F4FC83C-93D9-45D5-9F55-7A2F19ED73AC} = {E6A4AF56-4E86-48C1-82E4-CA408E285150}
		{24D3BED8-95AC-412A-8FE2-B2AC2E1D6FAC} = {675C5882-1E3F-4762-869E-2EAD4538F0C4}
		{5D0ABB49-7CAA-4454-8C82-FFB90B3F6D59} = {E6A4AF56-4E86-48C1-82E4-CA408E285150}
		{111CA245-5917-441B-A01C-19A397FD61DA} = {E6A4AF56-4E86-48C1-82E4-CA408E285150}
	EndGlobalSection
	GlobalSection(ExtensibilityGlobals) = postSolution
		SolutionGuid = {9B47B356-412A-4BE1-839F-75ACEF4D914E}
	EndGlobalSection
EndGlobal
